
Microsoft Visual Studio Solution File, Format Version 12.00
# Visual Studio Version 17
VisualStudioVersion = 17.8.34330.188
MinimumVisualStudioVersion = 10.0.40219.1
Project("{9A19103F-16F7-4668-BE54-9A1E7A4F7556}") = "IotRemoteLaboratory", "IotRemoteLaboratory\IotRemoteLaboratory.csproj", "{BA97639D-88B5-44D3-BAE9-13D5BE00A7B4}"
EndProject
Project("{FAE04EC0-301F-11D3-BF4B-00C04F79EFBC}") = "VirtualTestStand", "VirtualTestStand\VirtualTestStand.csproj", "{75B0B4DC-3F3D-40F7-A925-B72A9295588D}"
EndProject
Global
	GlobalSection(SolutionConfigurationPlatforms) = preSolution
		Debug|Any CPU = Debug|Any CPU
		Release|Any CPU = Release|Any CPU
	EndGlobalSection
	GlobalSection(ProjectConfigurationPlatforms) = postSolution
		{BA97639D-88B5-44D3-BAE9-13D5BE00A7B4}.Debug|Any CPU.ActiveCfg = Debug|Any CPU
		{BA97639D-88B5-44D3-BAE9-13D5BE00A7B4}.Debug|Any CPU.Build.0 = Debug|Any CPU
		{BA97639D-88B5-44D3-BAE9-13D5BE00A7B4}.Release|Any CPU.ActiveCfg = Release|Any CPU
		{BA97639D-88B5-44D3-BAE9-13D5BE00A7B4}.Release|Any CPU.Build.0 = Release|Any CPU
		{75B0B4DC-3F3D-40F7-A925-B72A9295588D}.Debug|Any CPU.ActiveCfg = Debug|Any CPU
		{75B0B4DC-3F3D-40F7-A925-B72A9295588D}.Debug|Any CPU.Build.0 = Debug|Any CPU
		{75B0B4DC-3F3D-40F7-A925-B72A9295588D}.Release|Any CPU.ActiveCfg = Release|Any CPU
		{75B0B4DC-3F3D-40F7-A925-B72A9295588D}.Release|Any CPU.Build.0 = Release|Any CPU
	EndGlobalSection
	GlobalSection(SolutionProperties) = preSolution
		HideSolutionNode = FALSE
	EndGlobalSection
	GlobalSection(ExtensibilityGlobals) = postSolution
		SolutionGuid = {27ADFF12-9EC0-499A-91E0-9F609893947A}
	EndGlobalSection
EndGlobal
